
Microsoft Visual Studio Solution File, Format Version 12.00
# Visual Studio Version 17
VisualStudioVersion = 17.7.34024.191
MinimumVisualStudioVersion = 10.0.40219.1
Project("{FAE04EC0-301F-11D3-BF4B-00C04F79EFBC}") = "pr21.101_lyapynova_1", "pr21.101_lyapynova_1.csproj", "{0ED61249-E26A-4243-89CB-EC6EF0F856EA}"
EndProject
Global
	GlobalSection(SolutionConfigurationPlatforms) = preSolution
		Debug|Any CPU = Debug|Any CPU
		Release|Any CPU = Release|Any CPU
	EndGlobalSection
	GlobalSection(ProjectConfigurationPlatforms) = postSolution
		{0ED61249-E26A-4243-89CB-EC6EF0F856EA}.Debug|Any CPU.ActiveCfg = Debug|Any CPU
		{0ED61249-E26A-4243-89CB-EC6EF0F856EA}.Debug|Any CPU.Build.0 = Debug|Any CPU
		{0ED61249-E26A-4243-89CB-EC6EF0F856EA}.Release|Any CPU.ActiveCfg = Release|Any CPU
		{0ED61249-E26A-4243-89CB-EC6EF0F856EA}.Release|Any CPU.Build.0 = Release|Any CPU
	EndGlobalSection
	GlobalSection(SolutionProperties) = preSolution
		HideSolutionNode = FALSE
	EndGlobalSection
	GlobalSection(ExtensibilityGlobals) = postSolution
		SolutionGuid = {986B0899-917C-4DE2-9C7E-12221381562F}
	EndGlobalSection
EndGlobal
